
Microsoft Visual Studio Solution File, Format Version 12.00
# Visual Studio 15
VisualStudioVersion = 15.0.27130.2036
MinimumVisualStudioVersion = 10.0.40219.1
Project("{151D2E53-A2C4-4D7D-83FE-D05416EBD58E}") = "NetworkWatcherDeployment", "NetworkWatcherDeployment\NetworkWatcherDeployment.deployproj", "{40FEE2C5-4794-4D0C-9982-4C71ADCF731C}"
EndProject
Global
	GlobalSection(SolutionConfigurationPlatforms) = preSolution
		Debug|Any CPU = Debug|Any CPU
		Release|Any CPU = Release|Any CPU
	EndGlobalSection
	GlobalSection(ProjectConfigurationPlatforms) = postSolution
		{40FEE2C5-4794-4D0C-9982-4C71ADCF731C}.Debug|Any CPU.ActiveCfg = Debug|Any CPU
		{40FEE2C5-4794-4D0C-9982-4C71ADCF731C}.Debug|Any CPU.Build.0 = Debug|Any CPU
		{40FEE2C5-4794-4D0C-9982-4C71ADCF731C}.Release|Any CPU.ActiveCfg = Release|Any CPU
		{40FEE2C5-4794-4D0C-9982-4C71ADCF731C}.Release|Any CPU.Build.0 = Release|Any CPU
	EndGlobalSection
	GlobalSection(SolutionProperties) = preSolution
		HideSolutionNode = FALSE
	EndGlobalSection
	GlobalSection(ExtensibilityGlobals) = postSolution
		SolutionGuid = {D14EEC65-9DC9-496E-8CA4-1373AD7CD710}
	EndGlobalSection
EndGlobal
